// !$*UTF8*$!
{
	archiveVersion = 1;
	classes = {
	};
	objectVersion = 48;
	objects = {

/* Begin PBXBuildFile section */
		1CA6EE1420018E4300A4A25C /* ContactDetailsViewController.swift in Sources */ = {isa = PBXBuildFile; fileRef = 1CA6EE1320018E4300A4A25C /* ContactDetailsViewController.swift */; };
		1CF875812000E84C00E32D09 /* AppDelegate.swift in Sources */ = {isa = PBXBuildFile; fileRef = 1CF875802000E84C00E32D09 /* AppDelegate.swift */; };
		1CF875862000E84C00E32D09 /* Main.storyboard in Resources */ = {isa = PBXBuildFile; fileRef = 1CF875842000E84C00E32D09 /* Main.storyboard */; };
		1CF875892000E84C00E32D09 /* CoreDataHW.xcdatamodeld in Sources */ = {isa = PBXBuildFile; fileRef = 1CF875872000E84C00E32D09 /* CoreDataHW.xcdatamodeld */; };
		1CF8758B2000E84C00E32D09 /* Assets.xcassets in Resources */ = {isa = PBXBuildFile; fileRef = 1CF8758A2000E84C00E32D09 /* Assets.xcassets */; };
		1CF8758E2000E84C00E32D09 /* LaunchScreen.storyboard in Resources */ = {isa = PBXBuildFile; fileRef = 1CF8758C2000E84C00E32D09 /* LaunchScreen.storyboard */; };
		1CF875962000E89C00E32D09 /* CoreDataManager.swift in Sources */ = {isa = PBXBuildFile; fileRef = 1CF875952000E89C00E32D09 /* CoreDataManager.swift */; };
		1CF875982000EBA500E32D09 /* DataManager.swift in Sources */ = {isa = PBXBuildFile; fileRef = 1CF875972000EBA500E32D09 /* DataManager.swift */; };
		1CF875A32000EE4800E32D09 /* Contact+CoreDataClass.swift in Sources */ = {isa = PBXBuildFile; fileRef = 1CF875A12000EE4800E32D09 /* Contact+CoreDataClass.swift */; };
		1CF875A42000EE4800E32D09 /* Contact+CoreDataProperties.swift in Sources */ = {isa = PBXBuildFile; fileRef = 1CF875A22000EE4800E32D09 /* Contact+CoreDataProperties.swift */; };
		1CF875AB2000F07900E32D09 /* Notification+Extension.swift in Sources */ = {isa = PBXBuildFile; fileRef = 1CF875AA2000F07900E32D09 /* Notification+Extension.swift */; };
		1CF875AD2000F32400E32D09 /* AllContactsViewController.swift in Sources */ = {isa = PBXBuildFile; fileRef = 1CF875AC2000F32400E32D09 /* AllContactsViewController.swift */; };
/* End PBXBuildFile section */

/* Begin PBXFileReference section */
		1CA6EE1320018E4300A4A25C /* ContactDetailsViewController.swift */ = {isa = PBXFileReference; lastKnownFileType = sourcecode.swift; path = ContactDetailsViewController.swift; sourceTree = "<group>"; };
		1CF8757D2000E84C00E32D09 /* CoreDataHW.app */ = {isa = PBXFileReference; explicitFileType = wrapper.application; includeInIndex = 0; path = CoreDataHW.app; sourceTree = BUILT_PRODUCTS_DIR; };
		1CF875802000E84C00E32D09 /* AppDelegate.swift */ = {isa = PBXFileReference; lastKnownFileType = sourcecode.swift; path = AppDelegate.swift; sourceTree = "<group>"; };
		1CF875852000E84C00E32D09 /* Base */ = {isa = PBXFileReference; lastKnownFileType = file.storyboard; name = Base; path = Base.lproj/Main.storyboard; sourceTree = "<group>"; };
		1CF875882000E84C00E32D09 /* CoreDataHW.xcdatamodel */ = {isa = PBXFileReference; lastKnownFileType = wrapper.xcdatamodel; path = CoreDataHW.xcdatamodel; sourceTree = "<group>"; };
		1CF8758A2000E84C00E32D09 /* Assets.xcassets */ = {isa = PBXFileReference; lastKnownFileType = folder.assetcatalog; path = Assets.xcassets; sourceTree = "<group>"; };
		1CF8758D2000E84C00E32D09 /* Base */ = {isa = PBXFileReference; lastKnownFileType = file.storyboard; name = Base; path = Base.lproj/LaunchScreen.storyboard; sourceTree = "<group>"; };
		1CF8758F2000E84C00E32D09 /* Info.plist */ = {isa = PBXFileReference; lastKnownFileType = text.plist.xml; path = Info.plist; sourceTree = "<group>"; };
		1CF875952000E89C00E32D09 /* CoreDataManager.swift */ = {isa = PBXFileReference; lastKnownFileType = sourcecode.swift; path = CoreDataManager.swift; sourceTree = "<group>"; };
		1CF875972000EBA500E32D09 /* DataManager.swift */ = {isa = PBXFileReference; lastKnownFileType = sourcecode.swift; path = DataManager.swift; sourceTree = "<group>"; };
		1CF875A12000EE4800E32D09 /* Contact+CoreDataClass.swift */ = {isa = PBXFileReference; lastKnownFileType = sourcecode.swift; path = "Contact+CoreDataClass.swift"; sourceTree = "<group>"; };
		1CF875A22000EE4800E32D09 /* Contact+CoreDataProperties.swift */ = {isa = PBXFileReference; lastKnownFileType = sourcecode.swift; path = "Contact+CoreDataProperties.swift"; sourceTree = "<group>"; };
		1CF875AA2000F07900E32D09 /* Notification+Extension.swift */ = {isa = PBXFileReference; lastKnownFileType = sourcecode.swift; path = "Notification+Extension.swift"; sourceTree = "<group>"; };
		1CF875AC2000F32400E32D09 /* AllContactsViewController.swift */ = {isa = PBXFileReference; lastKnownFileType = sourcecode.swift; path = AllContactsViewController.swift; sourceTree = "<group>"; };
/* End PBXFileReference section */

/* Begin PBXFrameworksBuildPhase section */
		1CF8757A2000E84C00E32D09 /* Frameworks */ = {
			isa = PBXFrameworksBuildPhase;
			buildActionMask = 2147483647;
			files = (
			);
			runOnlyForDeploymentPostprocessing = 0;
		};
/* End PBXFrameworksBuildPhase section */

/* Begin PBXGroup section */
		1CF875742000E84C00E32D09 = {
			isa = PBXGroup;
			children = (
				1CF8757F2000E84C00E32D09 /* CoreDataHW */,
				1CF8757E2000E84C00E32D09 /* Products */,
			);
			sourceTree = "<group>";
		};
		1CF8757E2000E84C00E32D09 /* Products */ = {
			isa = PBXGroup;
			children = (
				1CF8757D2000E84C00E32D09 /* CoreDataHW.app */,
			);
			name = Products;
			sourceTree = "<group>";
		};
		1CF8757F2000E84C00E32D09 /* CoreDataHW */ = {
			isa = PBXGroup;
			children = (
				1CF875A92000F06600E32D09 /* Extensions */,
				1CF875A82000F05C00E32D09 /* Controllers */,
				1CF875A72000F05600E32D09 /* View */,
				1CF875A52000F02F00E32D09 /* Model */,
				1CF875802000E84C00E32D09 /* AppDelegate.swift */,
				1CF875842000E84C00E32D09 /* Main.storyboard */,
				1CF8758A2000E84C00E32D09 /* Assets.xcassets */,
				1CF8758C2000E84C00E32D09 /* LaunchScreen.storyboard */,
				1CF8758F2000E84C00E32D09 /* Info.plist */,
				1CF875872000E84C00E32D09 /* CoreDataHW.xcdatamodeld */,
			);
			path = CoreDataHW;
			sourceTree = "<group>";
		};
		1CF875A52000F02F00E32D09 /* Model */ = {
			isa = PBXGroup;
			children = (
				1CF875A62000F04300E32D09 /* Contact */,
				1CF875972000EBA500E32D09 /* DataManager.swift */,
				1CF875952000E89C00E32D09 /* CoreDataManager.swift */,
			);
			path = Model;
			sourceTree = "<group>";
		};
		1CF875A62000F04300E32D09 /* Contact */ = {
			isa = PBXGroup;
			children = (
				1CF875A12000EE4800E32D09 /* Contact+CoreDataClass.swift */,
				1CF875A22000EE4800E32D09 /* Contact+CoreDataProperties.swift */,
			);
			path = Contact;
			sourceTree = "<group>";
		};
		1CF875A72000F05600E32D09 /* View */ = {
			isa = PBXGroup;
			children = (
			);
			path = View;
			sourceTree = "<group>";
		};
		1CF875A82000F05C00E32D09 /* Controllers */ = {
			isa = PBXGroup;
			children = (
				1CF875AC2000F32400E32D09 /* AllContactsViewController.swift */,
				1CA6EE1320018E4300A4A25C /* ContactDetailsViewController.swift */,
			);
			path = Controllers;
			sourceTree = "<group>";
		};
		1CF875A92000F06600E32D09 /* Extensions */ = {
			isa = PBXGroup;
			children = (
				1CF875AA2000F07900E32D09 /* Notification+Extension.swift */,
			);
			path = Extensions;
			sourceTree = "<group>";
		};
/* End PBXGroup section */

/* Begin PBXNativeTarget section */
		1CF8757C2000E84C00E32D09 /* CoreDataHW */ = {
			isa = PBXNativeTarget;
			buildConfigurationList = 1CF875922000E84C00E32D09 /* Build configuration list for PBXNativeTarget "CoreDataHW" */;
			buildPhases = (
				1CF875792000E84C00E32D09 /* Sources */,
				1CF8757A2000E84C00E32D09 /* Frameworks */,
				1CF8757B2000E84C00E32D09 /* Resources */,
			);
			buildRules = (
			);
			dependencies = (
			);
			name = CoreDataHW;
			productName = CoreDataHW;
			productReference = 1CF8757D2000E84C00E32D09 /* CoreDataHW.app */;
			productType = "com.apple.product-type.application";
		};
/* End PBXNativeTarget section */

/* Begin PBXProject section */
		1CF875752000E84C00E32D09 /* Project object */ = {
			isa = PBXProject;
			attributes = {
				LastSwiftUpdateCheck = 0920;
				LastUpgradeCheck = 0920;
				ORGANIZATIONNAME = "Vadim Shoshin";
				TargetAttributes = {
					1CF8757C2000E84C00E32D09 = {
						CreatedOnToolsVersion = 9.2;
						ProvisioningStyle = Automatic;
					};
				};
			};
			buildConfigurationList = 1CF875782000E84C00E32D09 /* Build configuration list for PBXProject "CoreDataHW" */;
			compatibilityVersion = "Xcode 8.0";
			developmentRegion = en;
			hasScannedForEncodings = 0;
			knownRegions = (
				en,
				Base,
			);
			mainGroup = 1CF875742000E84C00E32D09;
			productRefGroup = 1CF8757E2000E84C00E32D09 /* Products */;
			projectDirPath = "";
			projectRoot = "";
			targets = (
				1CF8757C2000E84C00E32D09 /* CoreDataHW */,
			);
		};
/* End PBXProject section */

/* Begin PBXResourcesBuildPhase section */
		1CF8757B2000E84C00E32D09 /* Resources */ = {
			isa = PBXResourcesBuildPhase;
			buildActionMask = 2147483647;
			files = (
				1CF8758E2000E84C00E32D09 /* LaunchScreen.storyboard in Resources */,
				1CF8758B2000E84C00E32D09 /* Assets.xcassets in Resources */,
				1CF875862000E84C00E32D09 /* Main.storyboard in Resources */,
			);
			runOnlyForDeploymentPostprocessing = 0;
		};
/* End PBXResourcesBuildPhase section */

/* Begin PBXSourcesBuildPhase section */
		1CF875792000E84C00E32D09 /* Sources */ = {
			isa = PBXSourcesBuildPhase;
			buildActionMask = 2147483647;
			files = (
				1CF875A42000EE4800E32D09 /* Contact+CoreDataProperties.swift in Sources */,
				1CF875AD2000F32400E32D09 /* AllContactsViewController.swift in Sources */,
				1CA6EE1420018E4300A4A25C /* ContactDetailsViewController.swift in Sources */,
				1CF875962000E89C00E32D09 /* CoreDataManager.swift in Sources */,
				1CF875982000EBA500E32D09 /* DataManager.swift in Sources */,
				1CF875AB2000F07900E32D09 /* Notification+Extension.swift in Sources */,
				1CF875892000E84C00E32D09 /* CoreDataHW.xcdatamodeld in Sources */,
				1CF875812000E84C00E32D09 /* AppDelegate.swift in Sources */,
				1CF875A32000EE4800E32D09 /* Contact+CoreDataClass.swift in Sources */,
			);
			runOnlyForDeploymentPostprocessing = 0;
		};
/* End PBXSourcesBuildPhase section */

/* Begin PBXVariantGroup section */
		1CF875842000E84C00E32D09 /* Main.storyboard */ = {
			isa = PBXVariantGroup;
			children = (
				1CF875852000E84C00E32D09 /* Base */,
			);
			name = Main.storyboard;
			sourceTree = "<group>";
		};
		1CF8758C2000E84C00E32D09 /* LaunchScreen.storyboard */ = {
			isa = PBXVariantGroup;
			children = (
				1CF8758D2000E84C00E32D09 /* Base */,
			);
			name = LaunchScreen.storyboard;
			sourceTree = "<group>";
		};
/* End PBXVariantGroup section */

/* Begin XCBuildConfiguration section */
		1CF875902000E84C00E32D09 /* Debug */ = {
			isa = XCBuildConfiguration;
			buildSettings = {
				ALWAYS_SEARCH_USER_PATHS = NO;
				CLANG_ANALYZER_NONNULL = YES;
				CLANG_ANALYZER_NUMBER_OBJECT_CONVERSION = YES_AGGRESSIVE;
				CLANG_CXX_LANGUAGE_STANDARD = "gnu++14";
				CLANG_CXX_LIBRARY = "libc++";
				CLANG_ENABLE_MODULES = YES;
				CLANG_ENABLE_OBJC_ARC = YES;
				CLANG_WARN_BLOCK_CAPTURE_AUTORELEASING = YES;
				CLANG_WARN_BOOL_CONVERSION = YES;
				CLANG_WARN_COMMA = YES;
				CLANG_WARN_CONSTANT_CONVERSION = YES;
				CLANG_WARN_DIRECT_OBJC_ISA_USAGE = YES_ERROR;
				CLANG_WARN_DOCUMENTATION_COMMENTS = YES;
				CLANG_WARN_EMPTY_BODY = YES;
				CLANG_WARN_ENUM_CONVERSION = YES;
				CLANG_WARN_INFINITE_RECURSION = YES;
				CLANG_WARN_INT_CONVERSION = YES;
				CLANG_WARN_NON_LITERAL_NULL_CONVERSION = YES;
				CLANG_WARN_OBJC_LITERAL_CONVERSION = YES;
				CLANG_WARN_OBJC_ROOT_CLASS = YES_ERROR;
				CLANG_WARN_RANGE_LOOP_ANALYSIS = YES;
				CLANG_WARN_STRICT_PROTOTYPES = YES;
				CLANG_WARN_SUSPICIOUS_MOVE = YES;
				CLANG_WARN_UNGUARDED_AVAILABILITY = YES_AGGRESSIVE;
				CLANG_WARN_UNREACHABLE_CODE = YES;
				CLANG_WARN__DUPLICATE_METHOD_MATCH = YES;
				CODE_SIGN_IDENTITY = "iPhone Developer";
				COPY_PHASE_STRIP = NO;
				DEBUG_INFORMATION_FORMAT = dwarf;
				ENABLE_STRICT_OBJC_MSGSEND = YES;
				ENABLE_TESTABILITY = YES;
				GCC_C_LANGUAGE_STANDARD = gnu11;
				GCC_DYNAMIC_NO_PIC = NO;
				GCC_NO_COMMON_BLOCKS = YES;
				GCC_OPTIMIZATION_LEVEL = 0;
				GCC_PREPROCESSOR_DEFINITIONS = (
					"DEBUG=1",
					"$(inherited)",
				);
				GCC_WARN_64_TO_32_BIT_CONVERSION = YES;
				GCC_WARN_ABOUT_RETURN_TYPE = YES_ERROR;
				GCC_WARN_UNDECLARED_SELECTOR = YES;
				GCC_WARN_UNINITIALIZED_AUTOS = YES_AGGRESSIVE;
				GCC_WARN_UNUSED_FUNCTION = YES;
				GCC_WARN_UNUSED_VARIABLE = YES;
				IPHONEOS_DEPLOYMENT_TARGET = 11.2;
				MTL_ENABLE_DEBUG_INFO = YES;
				ONLY_ACTIVE_ARCH = YES;
				SDKROOT = iphoneos;
				SWIFT_ACTIVE_COMPILATION_CONDITIONS = DEBUG;
				SWIFT_OPTIMIZATION_LEVEL = "-Onone";
			};
			name = Debug;
		};
		1CF875912000E84C00E32D09 /* Release */ = {
			isa = XCBuildConfiguration;
			buildSettings = {
				ALWAYS_SEARCH_USER_PATHS = NO;
				CLANG_ANALYZER_NONNULL = YES;
				CLANG_ANALYZER_NUMBER_OBJECT_CONVERSION = YES_AGGRESSIVE;
				CLANG_CXX_LANGUAGE_STANDARD = "gnu++14";
				CLANG_CXX_LIBRARY = "libc++";
				CLANG_ENABLE_MODULES = YES;
				CLANG_ENABLE_OBJC_ARC = YES;
				CLANG_WARN_BLOCK_CAPTURE_AUTORELEASING = YES;
				CLANG_WARN_BOOL_CONVERSION = YES;
				CLANG_WARN_COMMA = YES;
				CLANG_WARN_CONSTANT_CONVERSION = YES;
				CLANG_WARN_DIRECT_OBJC_ISA_USAGE = YES_ERROR;
				CLANG_WARN_DOCUMENTATION_COMMENTS = YES;
				CLANG_WARN_EMPTY_BODY = YES;
				CLANG_WARN_ENUM_CONVERSION = YES;
				CLANG_WARN_INFINITE_RECURSION = YES;
				CLANG_WARN_INT_CONVERSION = YES;
				CLANG_WARN_NON_LITERAL_NULL_CONVERSION = YES;
				CLANG_WARN_OBJC_LITERAL_CONVERSION = YES;
				CLANG_WARN_OBJC_ROOT_CLASS = YES_ERROR;
				CLANG_WARN_RANGE_LOOP_ANALYSIS = YES;
				CLANG_WARN_STRICT_PROTOTYPES = YES;
				CLANG_WARN_SUSPICIOUS_MOVE = YES;
				CLANG_WARN_UNGUARDED_AVAILABILITY = YES_AGGRESSIVE;
				CLANG_WARN_UNREACHABLE_CODE = YES;
				CLANG_WARN__DUPLICATE_METHOD_MATCH = YES;
				CODE_SIGN_IDENTITY = "iPhone Developer";
				COPY_PHASE_STRIP = NO;
				DEBUG_INFORMATION_FORMAT = "dwarf-with-dsym";
				ENABLE_NS_ASSERTIONS = NO;
				ENABLE_STRICT_OBJC_MSGSEND = YES;
				GCC_C_LANGUAGE_STANDARD = gnu11;
				GCC_NO_COMMON_BLOCKS = YES;
				GCC_WARN_64_TO_32_BIT_CONVERSION = YES;
				GCC_WARN_ABOUT_RETURN_TYPE = YES_ERROR;
				GCC_WARN_UNDECLARED_SELECTOR = YES;
				GCC_WARN_UNINITIALIZED_AUTOS = YES_AGGRESSIVE;
				GCC_WARN_UNUSED_FUNCTION = YES;
				GCC_WARN_UNUSED_VARIABLE = YES;
				IPHONEOS_DEPLOYMENT_TARGET = 11.2;
				MTL_ENABLE_DEBUG_INFO = NO;
				SDKROOT = iphoneos;
				SWIFT_OPTIMIZATION_LEVEL = "-Owholemodule";
				VALIDATE_PRODUCT = YES;
			};
			name = Release;
		};
		1CF875932000E84C00E32D09 /* Debug */ = {
			isa = XCBuildConfiguration;
			buildSettings = {
				ASSETCATALOG_COMPILER_APPICON_NAME = AppIcon;
				CODE_SIGN_STYLE = Automatic;
				INFOPLIST_FILE = CoreDataHW/Info.plist;
				LD_RUNPATH_SEARCH_PATHS = "$(inherited) @executable_path/Frameworks";
				PRODUCT_BUNDLE_IDENTIFIER = "Vadim-Shoshin.CoreDataHW";
				PRODUCT_NAME = "$(TARGET_NAME)";
				SWIFT_VERSION = 4.0;
				TARGETED_DEVICE_FAMILY = "1,2";
			};
			name = Debug;
		};
		1CF875942000E84C00E32D09 /* Release */ = {
			isa = XCBuildConfiguration;
			buildSettings = {
				ASSETCATALOG_COMPILER_APPICON_NAME = AppIcon;
				CODE_SIGN_STYLE = Automatic;
				INFOPLIST_FILE = CoreDataHW/Info.plist;
				LD_RUNPATH_SEARCH_PATHS = "$(inherited) @executable_path/Frameworks";
				PRODUCT_BUNDLE_IDENTIFIER = "Vadim-Shoshin.CoreDataHW";
				PRODUCT_NAME = "$(TARGET_NAME)";
				SWIFT_VERSION = 4.0;
				TARGETED_DEVICE_FAMILY = "1,2";
			};
			name = Release;
		};
/* End XCBuildConfiguration section */

/* Begin XCConfigurationList section */
		1CF875782000E84C00E32D09 /* Build configuration list for PBXProject "CoreDataHW" */ = {
			isa = XCConfigurationList;
			buildConfigurations = (
				1CF875902000E84C00E32D09 /* Debug */,
				1CF875912000E84C00E32D09 /* Release */,
			);
			defaultConfigurationIsVisible = 0;
			defaultConfigurationName = Release;
		};
		1CF875922000E84C00E32D09 /* Build configuration list for PBXNativeTarget "CoreDataHW" */ = {
			isa = XCConfigurationList;
			buildConfigurations = (
				1CF875932000E84C00E32D09 /* Debug */,
				1CF875942000E84C00E32D09 /* Release */,
			);
			defaultConfigurationIsVisible = 0;
			defaultConfigurationName = Release;
		};
/* End XCConfigurationList section */

/* Begin XCVersionGroup section */
		1CF875872000E84C00E32D09 /* CoreDataHW.xcdatamodeld */ = {
			isa = XCVersionGroup;
			children = (
				1CF875882000E84C00E32D09 /* CoreDataHW.xcdatamodel */,
			);
			currentVersion = 1CF875882000E84C00E32D09 /* CoreDataHW.xcdatamodel */;
			path = CoreDataHW.xcdatamodeld;
			sourceTree = "<group>";
			versionGroupType = wrapper.xcdatamodel;
		};
/* End XCVersionGroup section */
	};
	rootObject = 1CF875752000E84C00E32D09 /* Project object */;
}
